
Microsoft Visual Studio Solution File, Format Version 12.00
# Visual Studio 15
VisualStudioVersion = 15.0.27703.2026
MinimumVisualStudioVersion = 10.0.40219.1
Project("{FAE04EC0-301F-11D3-BF4B-00C04F79EFBC}") = "Bootcamp2019.APIs", "Bootcamp2019.APIs\Bootcamp2019.APIs.csproj", "{7333F16D-5B02-4CEE-8CD7-9380EB30F428}"
EndProject
Global
	GlobalSection(SolutionConfigurationPlatforms) = preSolution
		Debug|Any CPU = Debug|Any CPU
		Release|Any CPU = Release|Any CPU
	EndGlobalSection
	GlobalSection(ProjectConfigurationPlatforms) = postSolution
		{7333F16D-5B02-4CEE-8CD7-9380EB30F428}.Debug|Any CPU.ActiveCfg = Debug|Any CPU
		{7333F16D-5B02-4CEE-8CD7-9380EB30F428}.Debug|Any CPU.Build.0 = Debug|Any CPU
		{7333F16D-5B02-4CEE-8CD7-9380EB30F428}.Release|Any CPU.ActiveCfg = Release|Any CPU
		{7333F16D-5B02-4CEE-8CD7-9380EB30F428}.Release|Any CPU.Build.0 = Release|Any CPU
	EndGlobalSection
	GlobalSection(SolutionProperties) = preSolution
		HideSolutionNode = FALSE
	EndGlobalSection
	GlobalSection(ExtensibilityGlobals) = postSolution
		SolutionGuid = {5A95D0C9-AB40-43E9-9A55-C3928583401A}
	EndGlobalSection
EndGlobal
